
Microsoft Visual Studio Solution File, Format Version 12.00
# Visual Studio Version 16
VisualStudioVersion = 16.0.30114.105
MinimumVisualStudioVersion = 10.0.40219.1
Project("{FAE04EC0-301F-11D3-BF4B-00C04F79EFBC}") = "API", "API\API.csproj", "{9F7EE113-437D-4300-9205-1348AF97115D}"
EndProject
Project("{FAE04EC0-301F-11D3-BF4B-00C04F79EFBC}") = "Core", "Core\Core.csproj", "{764F5D44-48F3-405F-8FAA-463B04275068}"
EndProject
Project("{FAE04EC0-301F-11D3-BF4B-00C04F79EFBC}") = "Infrastructure", "Infrastructure\Infrastructure.csproj", "{90FB4958-B2A0-4701-B0D3-799341C547F8}"
EndProject
Global
	GlobalSection(SolutionConfigurationPlatforms) = preSolution
		Debug|Any CPU = Debug|Any CPU
		Debug|x64 = Debug|x64
		Debug|x86 = Debug|x86
		Release|Any CPU = Release|Any CPU
		Release|x64 = Release|x64
		Release|x86 = Release|x86
	EndGlobalSection
	GlobalSection(SolutionProperties) = preSolution
		HideSolutionNode = FALSE
	EndGlobalSection
	GlobalSection(ProjectConfigurationPlatforms) = postSolution
		{9F7EE113-437D-4300-9205-1348AF97115D}.Debug|Any CPU.ActiveCfg = Debug|Any CPU
		{9F7EE113-437D-4300-9205-1348AF97115D}.Debug|Any CPU.Build.0 = Debug|Any CPU
		{9F7EE113-437D-4300-9205-1348AF97115D}.Debug|x64.ActiveCfg = Debug|Any CPU
		{9F7EE113-437D-4300-9205-1348AF97115D}.Debug|x64.Build.0 = Debug|Any CPU
		{9F7EE113-437D-4300-9205-1348AF97115D}.Debug|x86.ActiveCfg = Debug|Any CPU
		{9F7EE113-437D-4300-9205-1348AF97115D}.Debug|x86.Build.0 = Debug|Any CPU
		{9F7EE113-437D-4300-9205-1348AF97115D}.Release|Any CPU.ActiveCfg = Release|Any CPU
		{9F7EE113-437D-4300-9205-1348AF97115D}.Release|Any CPU.Build.0 = Release|Any CPU
		{9F7EE113-437D-4300-9205-1348AF97115D}.Release|x64.ActiveCfg = Release|Any CPU
		{9F7EE113-437D-4300-9205-1348AF97115D}.Release|x64.Build.0 = Release|Any CPU
		{9F7EE113-437D-4300-9205-1348AF97115D}.Release|x86.ActiveCfg = Release|Any CPU
		{9F7EE113-437D-4300-9205-1348AF97115D}.Release|x86.Build.0 = Release|Any CPU
		{764F5D44-48F3-405F-8FAA-463B04275068}.Debug|Any CPU.ActiveCfg = Debug|Any CPU
		{764F5D44-48F3-405F-8FAA-463B04275068}.Debug|Any CPU.Build.0 = Debug|Any CPU
		{764F5D44-48F3-405F-8FAA-463B04275068}.Debug|x64.ActiveCfg = Debug|Any CPU
		{764F5D44-48F3-405F-8FAA-463B04275068}.Debug|x64.Build.0 = Debug|Any CPU
		{764F5D44-48F3-405F-8FAA-463B04275068}.Debug|x86.ActiveCfg = Debug|Any CPU
		{764F5D44-48F3-405F-8FAA-463B04275068}.Debug|x86.Build.0 = Debug|Any CPU
		{764F5D44-48F3-405F-8FAA-463B04275068}.Release|Any CPU.ActiveCfg = Release|Any CPU
		{764F5D44-48F3-405F-8FAA-463B04275068}.Release|Any CPU.Build.0 = Release|Any CPU
		{764F5D44-48F3-405F-8FAA-463B04275068}.Release|x64.ActiveCfg = Release|Any CPU
		{764F5D44-48F3-405F-8FAA-463B04275068}.Release|x64.Build.0 = Release|Any CPU
		{764F5D44-48F3-405F-8FAA-463B04275068}.Release|x86.ActiveCfg = Release|Any CPU
		{764F5D44-48F3-405F-8FAA-463B04275068}.Release|x86.Build.0 = Release|Any CPU
		{90FB4958-B2A0-4701-B0D3-799341C547F8}.Debug|Any CPU.ActiveCfg = Debug|Any CPU
		{90FB4958-B2A0-4701-B0D3-799341C547F8}.Debug|Any CPU.Build.0 = Debug|Any CPU
		{90FB4958-B2A0-4701-B0D3-799341C547F8}.Debug|x64.ActiveCfg = Debug|Any CPU
		{90FB4958-B2A0-4701-B0D3-799341C547F8}.Debug|x64.Build.0 = Debug|Any CPU
		{90FB4958-B2A0-4701-B0D3-799341C547F8}.Debug|x86.ActiveCfg = Debug|Any CPU
		{90FB4958-B2A0-4701-B0D3-799341C547F8}.Debug|x86.Build.0 = Debug|Any CPU
		{90FB4958-B2A0-4701-B0D3-799341C547F8}.Release|Any CPU.ActiveCfg = Release|Any CPU
		{90FB4958-B2A0-4701-B0D3-799341C547F8}.Release|Any CPU.Build.0 = Release|Any CPU
		{90FB4958-B2A0-4701-B0D3-799341C547F8}.Release|x64.ActiveCfg = Release|Any CPU
		{90FB4958-B2A0-4701-B0D3-799341C547F8}.Release|x64.Build.0 = Release|Any CPU
		{90FB4958-B2A0-4701-B0D3-799341C547F8}.Release|x86.ActiveCfg = Release|Any CPU
		{90FB4958-B2A0-4701-B0D3-799341C547F8}.Release|x86.Build.0 = Release|Any CPU
	EndGlobalSection
EndGlobal
